
Microsoft Visual Studio Solution File, Format Version 12.00
# Visual Studio Version 18
VisualStudioVersion = 18.0.11005.162
MinimumVisualStudioVersion = 10.0.40219.1
Project("{FAE04EC0-301F-11D3-BF4B-00C04F79EFBC}") = "Budget.Web", "Budget.Web\Budget.Web.csproj", "{B1541E1E-FB40-66F7-E620-046340D3B051}"
EndProject
Project("{FAE04EC0-301F-11D3-BF4B-00C04F79EFBC}") = "Budget.Client", "Budget.Client\Budget.Client.csproj", "{FFF80B86-826B-284D-0D5C-2D9431B24E28}"
EndProject
Project("{FAE04EC0-301F-11D3-BF4B-00C04F79EFBC}") = "BudgetApp.AppHost", "BudgetApp.AppHost\BudgetApp.AppHost.csproj", "{B3A2E998-73D1-441F-B403-D37E06602E61}"
EndProject
Project("{FAE04EC0-301F-11D3-BF4B-00C04F79EFBC}") = "BudgetApp.ServiceDefaults", "BudgetApp.ServiceDefaults\BudgetApp.ServiceDefaults.csproj", "{BDF24289-5DC4-1FCA-4946-C0FA2478D17C}"
EndProject
Project("{FAE04EC0-301F-11D3-BF4B-00C04F79EFBC}") = "Budget.DB", "Budget.DB\Budget.DB.csproj", "{7273D0A8-7D9F-EF35-0967-4EB6004D56FF}"
EndProject
Project("{FAE04EC0-301F-11D3-BF4B-00C04F79EFBC}") = "Budget.Api", "Budget.Api\Budget.Api.csproj", "{B187FD0E-2562-341B-7E60-97F435B8FC43}"
EndProject
Project("{FAE04EC0-301F-11D3-BF4B-00C04F79EFBC}") = "Budget.Shared", "Budget.Shared\Budget.Shared.csproj", "{57785284-61E2-4E5E-B3F1-D3334F3C0B0E}"
EndProject
Project("{FAE04EC0-301F-11D3-BF4B-00C04F79EFBC}") = "Budget.Client2", "Budget.Client2\Budget.Client2.csproj", "{B42057B0-86C5-4509-BD75-555051F12DC7}"
EndProject
Global
	GlobalSection(SolutionConfigurationPlatforms) = preSolution
		Debug|Any CPU = Debug|Any CPU
		Release|Any CPU = Release|Any CPU
	EndGlobalSection
	GlobalSection(ProjectConfigurationPlatforms) = postSolution
		{B1541E1E-FB40-66F7-E620-046340D3B051}.Debug|Any CPU.ActiveCfg = Debug|Any CPU
		{B1541E1E-FB40-66F7-E620-046340D3B051}.Debug|Any CPU.Build.0 = Debug|Any CPU
		{B1541E1E-FB40-66F7-E620-046340D3B051}.Release|Any CPU.ActiveCfg = Release|Any CPU
		{B1541E1E-FB40-66F7-E620-046340D3B051}.Release|Any CPU.Build.0 = Release|Any CPU
		{FFF80B86-826B-284D-0D5C-2D9431B24E28}.Debug|Any CPU.ActiveCfg = Debug|Any CPU
		{FFF80B86-826B-284D-0D5C-2D9431B24E28}.Debug|Any CPU.Build.0 = Debug|Any CPU
		{FFF80B86-826B-284D-0D5C-2D9431B24E28}.Release|Any CPU.ActiveCfg = Release|Any CPU
		{FFF80B86-826B-284D-0D5C-2D9431B24E28}.Release|Any CPU.Build.0 = Release|Any CPU
		{B3A2E998-73D1-441F-B403-D37E06602E61}.Debug|Any CPU.ActiveCfg = Debug|Any CPU
		{B3A2E998-73D1-441F-B403-D37E06602E61}.Debug|Any CPU.Build.0 = Debug|Any CPU
		{B3A2E998-73D1-441F-B403-D37E06602E61}.Release|Any CPU.ActiveCfg = Release|Any CPU
		{B3A2E998-73D1-441F-B403-D37E06602E61}.Release|Any CPU.Build.0 = Release|Any CPU
		{BDF24289-5DC4-1FCA-4946-C0FA2478D17C}.Debug|Any CPU.ActiveCfg = Debug|Any CPU
		{BDF24289-5DC4-1FCA-4946-C0FA2478D17C}.Debug|Any CPU.Build.0 = Debug|Any CPU
		{BDF24289-5DC4-1FCA-4946-C0FA2478D17C}.Release|Any CPU.ActiveCfg = Release|Any CPU
		{BDF24289-5DC4-1FCA-4946-C0FA2478D17C}.Release|Any CPU.Build.0 = Release|Any CPU
		{7273D0A8-7D9F-EF35-0967-4EB6004D56FF}.Debug|Any CPU.ActiveCfg = Debug|Any CPU
		{7273D0A8-7D9F-EF35-0967-4EB6004D56FF}.Debug|Any CPU.Build.0 = Debug|Any CPU
		{7273D0A8-7D9F-EF35-0967-4EB6004D56FF}.Release|Any CPU.ActiveCfg = Release|Any CPU
		{7273D0A8-7D9F-EF35-0967-4EB6004D56FF}.Release|Any CPU.Build.0 = Release|Any CPU
		{B187FD0E-2562-341B-7E60-97F435B8FC43}.Debug|Any CPU.ActiveCfg = Debug|Any CPU
		{B187FD0E-2562-341B-7E60-97F435B8FC43}.Debug|Any CPU.Build.0 = Debug|Any CPU
		{B187FD0E-2562-341B-7E60-97F435B8FC43}.Release|Any CPU.ActiveCfg = Release|Any CPU
		{B187FD0E-2562-341B-7E60-97F435B8FC43}.Release|Any CPU.Build.0 = Release|Any CPU
		{57785284-61E2-4E5E-B3F1-D3334F3C0B0E}.Debug|Any CPU.ActiveCfg = Debug|Any CPU
		{57785284-61E2-4E5E-B3F1-D3334F3C0B0E}.Debug|Any CPU.Build.0 = Debug|Any CPU
		{57785284-61E2-4E5E-B3F1-D3334F3C0B0E}.Release|Any CPU.ActiveCfg = Release|Any CPU
		{57785284-61E2-4E5E-B3F1-D3334F3C0B0E}.Release|Any CPU.Build.0 = Release|Any CPU
		{B42057B0-86C5-4509-BD75-555051F12DC7}.Debug|Any CPU.ActiveCfg = Debug|Any CPU
		{B42057B0-86C5-4509-BD75-555051F12DC7}.Debug|Any CPU.Build.0 = Debug|Any CPU
		{B42057B0-86C5-4509-BD75-555051F12DC7}.Release|Any CPU.ActiveCfg = Release|Any CPU
		{B42057B0-86C5-4509-BD75-555051F12DC7}.Release|Any CPU.Build.0 = Release|Any CPU
	EndGlobalSection
	GlobalSection(SolutionProperties) = preSolution
		HideSolutionNode = FALSE
	EndGlobalSection
	GlobalSection(ExtensibilityGlobals) = postSolution
		SolutionGuid = {6B8EC95F-77EE-4F1A-89EF-337ABD7C5860}
	EndGlobalSection
EndGlobal
